<Solution>
  <Folder Name="/Solution Items/">
    <File Path=".editorconfig" />
    <File Path=".gitignore" />
    <File Path="Directory.Build.props" />
    <File Path="Directory.Packages.props" />
    <File Path="global.json" />
    <File Path="LICENSE" />
    <File Path="README.md" />
    <File Path="Nefarius.Utilities.TorProxy.snk" />
  </Folder>
  <Folder Name="/.github/">
    <Folder Name="/workflows/">
      <File Path=".github/workflows/build.yml" />
    </Folder>
  </Folder>
  <Folder Name="/samples/">
    <Project Path="samples/TorProxy.Sandbox/TorProxy.Sandbox.csproj" />
    <Project Path="samples/NativeSocksProxy/NativeSocksProxy.csproj" />
    <Project Path="samples/MultipleInstances/MultipleInstances.csproj" />
    <Project Path="samples/CustomLogging/CustomLogging.csproj" />
    <Project Path="samples/Docker/Docker.csproj" />
    <Project Path="samples/Docker-Alpine/Docker-Alpine.csproj" />
  </Folder>
  <Folder Name="/src/">
    <Project Path="src/TorProxy/TorProxy.csproj" />
  </Folder>
  <Folder Name="/test/">
    <Project Path="test/TorProxy.Tests/TorProxy.Tests.csproj" />
    <Project Path="test/TestApp/TestApp.csproj" />
    <Folder Name="/PassThroughProxy/">
      <File Path="test/PassThroughProxy/LICENSE" />
      <File Path="test/PassThroughProxy/PassThroughProxy.ForTesting.snk" />
      <File Path="test/PassThroughProxy/REDISTRIBUTION-NOTE" />
      <Project Path="test/PassThroughProxy/PassThroughProxy/PassThroughProxy.csproj" />
    </Folder>
  </Folder>
</Solution>
